# This file is automatically @generated by Cargo.
# It is not intended for manual editing.
[[package]]
name = "linked_list_allocator"
version = "0.6.5"
source = "registry+https://github.com/rust-lang/crates.io-index"
dependencies = [
 "spin 0.5.2 (registry+https://github.com/rust-lang/crates.io-index)",
]

[[package]]
name = "pluto"
version = "0.1.0"
dependencies = [
 "linked_list_allocator 0.6.5 (registry+https://github.com/rust-lang/crates.io-index)",
 "register 0.1.1 (registry+https://github.com/rust-lang/crates.io-index)",
]

[[package]]
name = "register"
version = "0.1.1"
source = "registry+https://github.com/rust-lang/crates.io-index"
dependencies = [
 "tock-registers 0.1.0 (registry+https://github.com/rust-lang/crates.io-index)",
]

[[package]]
name = "spin"
version = "0.5.2"
source = "registry+https://github.com/rust-lang/crates.io-index"

[[package]]
name = "tock-registers"
version = "0.1.0"
source = "registry+https://github.com/rust-lang/crates.io-index"

[metadata]
"checksum linked_list_allocator 0.6.5 (registry+https://github.com/rust-lang/crates.io-index)" = "f3705e6d8ce20b80fde2ae549e69b91e958653f2d0aefdc8867e8432c840fb24"
"checksum register 0.1.1 (registry+https://github.com/rust-lang/crates.io-index)" = "0e985243ba7e1c336b62444ef2a10d7bd87cf41a222285ae3de605c859006479"
"checksum spin 0.5.2 (registry+https://github.com/rust-lang/crates.io-index)" = "6e63cff320ae2c57904679ba7cb63280a3dc4613885beafb148ee7bf9aa9042d"
"checksum tock-registers 0.1.0 (registry+https://github.com/rust-lang/crates.io-index)" = "2acc33f980e23cee18d234a32d0637fbc1ea55e13ab04012fa857b899fa1b7a9"
